
Microsoft Visual Studio Solution File, Format Version 12.00
# Visual Studio Version 16
VisualStudioVersion = 16.0.34601.136
MinimumVisualStudioVersion = 10.0.40219.1
Project("{FAE04EC0-301F-11D3-BF4B-00C04F79EFBC}") = "App2", "App2.csproj", "{F9EC3648-FCF1-459A-9F4C-98767F35EEC3}"
EndProject
Global
	GlobalSection(SolutionConfigurationPlatforms) = preSolution
		Debug|arm64 = Debug|arm64
		Debug|x64 = Debug|x64
		Debug|x86 = Debug|x86
		Release|arm64 = Release|arm64
		Release|x64 = Release|x64
		Release|x86 = Release|x86
	EndGlobalSection
	GlobalSection(ProjectConfigurationPlatforms) = postSolution
		{F9EC3648-FCF1-459A-9F4C-98767F35EEC3}.Debug|arm64.ActiveCfg = Debug|arm64
		{F9EC3648-FCF1-459A-9F4C-98767F35EEC3}.Debug|arm64.Build.0 = Debug|arm64
		{F9EC3648-FCF1-459A-9F4C-98767F35EEC3}.Debug|arm64.Deploy.0 = Debug|arm64
		{F9EC3648-FCF1-459A-9F4C-98767F35EEC3}.Debug|x64.ActiveCfg = Debug|x64
		{F9EC3648-FCF1-459A-9F4C-98767F35EEC3}.Debug|x64.Build.0 = Debug|x64
		{F9EC3648-FCF1-459A-9F4C-98767F35EEC3}.Debug|x64.Deploy.0 = Debug|x64
		{F9EC3648-FCF1-459A-9F4C-98767F35EEC3}.Debug|x86.ActiveCfg = Debug|x86
		{F9EC3648-FCF1-459A-9F4C-98767F35EEC3}.Debug|x86.Build.0 = Debug|x86
		{F9EC3648-FCF1-459A-9F4C-98767F35EEC3}.Debug|x86.Deploy.0 = Debug|x86
		{F9EC3648-FCF1-459A-9F4C-98767F35EEC3}.Release|arm64.ActiveCfg = Release|arm64
		{F9EC3648-FCF1-459A-9F4C-98767F35EEC3}.Release|arm64.Build.0 = Release|arm64
		{F9EC3648-FCF1-459A-9F4C-98767F35EEC3}.Release|arm64.Deploy.0 = Release|arm64
		{F9EC3648-FCF1-459A-9F4C-98767F35EEC3}.Release|x64.ActiveCfg = Release|x64
		{F9EC3648-FCF1-459A-9F4C-98767F35EEC3}.Release|x64.Build.0 = Release|x64
		{F9EC3648-FCF1-459A-9F4C-98767F35EEC3}.Release|x64.Deploy.0 = Release|x64
		{F9EC3648-FCF1-459A-9F4C-98767F35EEC3}.Release|x86.ActiveCfg = Release|x86
		{F9EC3648-FCF1-459A-9F4C-98767F35EEC3}.Release|x86.Build.0 = Release|x86
		{F9EC3648-FCF1-459A-9F4C-98767F35EEC3}.Release|x86.Deploy.0 = Release|x86
	EndGlobalSection
	GlobalSection(SolutionProperties) = preSolution
		HideSolutionNode = FALSE
	EndGlobalSection
	GlobalSection(ExtensibilityGlobals) = postSolution
		SolutionGuid = {B0F0628B-2CD3-45D1-9DBD-4D5FF1F2A3B1}
	EndGlobalSection
EndGlobal
